
Microsoft Visual Studio Solution File, Format Version 12.00
# Visual Studio Version 17
VisualStudioVersion = 17.7.34031.279
MinimumVisualStudioVersion = 10.0.40219.1
Project("{FAE04EC0-301F-11D3-BF4B-00C04F79EFBC}") = "net-core-webapi-boilerplate", "net-core-webapi-boilerplate\net-core-webapi-boilerplate.csproj", "{B2DFDAEA-DD01-46FF-8CA7-EBB49017BF60}"
EndProject
Global
	GlobalSection(SolutionConfigurationPlatforms) = preSolution
		Debug|Any CPU = Debug|Any CPU
		Release|Any CPU = Release|Any CPU
	EndGlobalSection
	GlobalSection(ProjectConfigurationPlatforms) = postSolution
		{B2DFDAEA-DD01-46FF-8CA7-EBB49017BF60}.Debug|Any CPU.ActiveCfg = Debug|Any CPU
		{B2DFDAEA-DD01-46FF-8CA7-EBB49017BF60}.Debug|Any CPU.Build.0 = Debug|Any CPU
		{B2DFDAEA-DD01-46FF-8CA7-EBB49017BF60}.Release|Any CPU.ActiveCfg = Release|Any CPU
		{B2DFDAEA-DD01-46FF-8CA7-EBB49017BF60}.Release|Any CPU.Build.0 = Release|Any CPU
	EndGlobalSection
	GlobalSection(SolutionProperties) = preSolution
		HideSolutionNode = FALSE
	EndGlobalSection
	GlobalSection(ExtensibilityGlobals) = postSolution
		SolutionGuid = {B5E986C6-6FA4-4073-829E-D0526A115170}
	EndGlobalSection
EndGlobal
